// !$*UTF8*$!
{
	archiveVersion = 1;
	classes = {
	};
	objectVersion = 46;
	objects = {

/* Begin PBXBuildFile section */
		0E42C2021E4DFEA20069B1D4 /* AppDelegate.swift in Sources */ = {isa = PBXBuildFile; fileRef = 0E42C2011E4DFEA20069B1D4 /* AppDelegate.swift */; };
		0E42C2041E4DFEA20069B1D4 /* GameScene.sks in Resources */ = {isa = PBXBuildFile; fileRef = 0E42C2031E4DFEA20069B1D4 /* GameScene.sks */; };
		0E42C2061E4DFEA20069B1D4 /* Actions.sks in Resources */ = {isa = PBXBuildFile; fileRef = 0E42C2051E4DFEA20069B1D4 /* Actions.sks */; };
		0E42C2081E4DFEA20069B1D4 /* Game.xcassets in Resources */ = {isa = PBXBuildFile; fileRef = 0E42C2071E4DFEA20069B1D4 /* Game.xcassets */; };
		0E42C20A1E4DFEA20069B1D4 /* GameScene.swift in Sources */ = {isa = PBXBuildFile; fileRef = 0E42C2091E4DFEA20069B1D4 /* GameScene.swift */; };
		0E42C20C1E4DFEA20069B1D4 /* GameViewController.swift in Sources */ = {isa = PBXBuildFile; fileRef = 0E42C20B1E4DFEA20069B1D4 /* GameViewController.swift */; };
		0E42C20F1E4DFEA20069B1D4 /* Main.storyboard in Resources */ = {isa = PBXBuildFile; fileRef = 0E42C20D1E4DFEA20069B1D4 /* Main.storyboard */; };
		0E42C2111E4DFEA20069B1D4 /* Assets.xcassets in Resources */ = {isa = PBXBuildFile; fileRef = 0E42C2101E4DFEA20069B1D4 /* Assets.xcassets */; };
		0E42C2191E4E01620069B1D4 /* Player.swift in Sources */ = {isa = PBXBuildFile; fileRef = 0E42C2181E4E01620069B1D4 /* Player.swift */; };
		0E42C21E1E4E017C0069B1D4 /* GameController.framework in Frameworks */ = {isa = PBXBuildFile; fileRef = 0E42C21C1E4E017C0069B1D4 /* GameController.framework */; };
		0E42C21F1E4E017C0069B1D4 /* GameplayKit.framework in Frameworks */ = {isa = PBXBuildFile; fileRef = 0E42C21D1E4E017C0069B1D4 /* GameplayKit.framework */; };
		0E42C2211E4F35C30069B1D4 /* Bullet.swift in Sources */ = {isa = PBXBuildFile; fileRef = 0E42C2201E4F35C30069B1D4 /* Bullet.swift */; };
		0E42C2231E4F35D30069B1D4 /* Hittable.swift in Sources */ = {isa = PBXBuildFile; fileRef = 0E42C2221E4F35D30069B1D4 /* Hittable.swift */; };
		0E42C2251E4F35E60069B1D4 /* Enemy.swift in Sources */ = {isa = PBXBuildFile; fileRef = 0E42C2241E4F35E60069B1D4 /* Enemy.swift */; };
		0E42C2271E4F35EF0069B1D4 /* Civilian.swift in Sources */ = {isa = PBXBuildFile; fileRef = 0E42C2261E4F35EF0069B1D4 /* Civilian.swift */; };
		0E42C2291E4F35FE0069B1D4 /* Barrier.swift in Sources */ = {isa = PBXBuildFile; fileRef = 0E42C2281E4F35FE0069B1D4 /* Barrier.swift */; };
		0E42C22B1E4F40CB0069B1D4 /* GameUniverse.swift in Sources */ = {isa = PBXBuildFile; fileRef = 0E42C22A1E4F40CB0069B1D4 /* GameUniverse.swift */; };
		0EC5FA741E4FAA1C006AC1A4 /* Control.swift in Sources */ = {isa = PBXBuildFile; fileRef = 0EC5FA731E4FAA1C006AC1A4 /* Control.swift */; };
		0EC5FA771E4FAAEA006AC1A4 /* RemoteControl.swift in Sources */ = {isa = PBXBuildFile; fileRef = 0EC5FA761E4FAAEA006AC1A4 /* RemoteControl.swift */; };
/* End PBXBuildFile section */

/* Begin PBXFileReference section */
		0E42C1FE1E4DFEA20069B1D4 /* Robotron2117.app */ = {isa = PBXFileReference; explicitFileType = wrapper.application; includeInIndex = 0; path = Robotron2117.app; sourceTree = BUILT_PRODUCTS_DIR; };
		0E42C2011E4DFEA20069B1D4 /* AppDelegate.swift */ = {isa = PBXFileReference; lastKnownFileType = sourcecode.swift; path = AppDelegate.swift; sourceTree = "<group>"; };
		0E42C2031E4DFEA20069B1D4 /* GameScene.sks */ = {isa = PBXFileReference; lastKnownFileType = file.sks; path = GameScene.sks; sourceTree = "<group>"; };
		0E42C2051E4DFEA20069B1D4 /* Actions.sks */ = {isa = PBXFileReference; lastKnownFileType = file.sks; path = Actions.sks; sourceTree = "<group>"; };
		0E42C2071E4DFEA20069B1D4 /* Game.xcassets */ = {isa = PBXFileReference; lastKnownFileType = folder.assetcatalog; path = Game.xcassets; sourceTree = "<group>"; };
		0E42C2091E4DFEA20069B1D4 /* GameScene.swift */ = {isa = PBXFileReference; lastKnownFileType = sourcecode.swift; path = GameScene.swift; sourceTree = "<group>"; };
		0E42C20B1E4DFEA20069B1D4 /* GameViewController.swift */ = {isa = PBXFileReference; lastKnownFileType = sourcecode.swift; path = GameViewController.swift; sourceTree = "<group>"; };
		0E42C20E1E4DFEA20069B1D4 /* Base */ = {isa = PBXFileReference; lastKnownFileType = file.storyboard; name = Base; path = Base.lproj/Main.storyboard; sourceTree = "<group>"; };
		0E42C2101E4DFEA20069B1D4 /* Assets.xcassets */ = {isa = PBXFileReference; lastKnownFileType = folder.assetcatalog; path = Assets.xcassets; sourceTree = "<group>"; };
		0E42C2121E4DFEA20069B1D4 /* Info.plist */ = {isa = PBXFileReference; lastKnownFileType = text.plist.xml; path = Info.plist; sourceTree = "<group>"; };
		0E42C2181E4E01620069B1D4 /* Player.swift */ = {isa = PBXFileReference; fileEncoding = 4; lastKnownFileType = sourcecode.swift; path = Player.swift; sourceTree = "<group>"; };
		0E42C21C1E4E017C0069B1D4 /* GameController.framework */ = {isa = PBXFileReference; lastKnownFileType = wrapper.framework; name = GameController.framework; path = System/Library/Frameworks/GameController.framework; sourceTree = SDKROOT; };
		0E42C21D1E4E017C0069B1D4 /* GameplayKit.framework */ = {isa = PBXFileReference; lastKnownFileType = wrapper.framework; name = GameplayKit.framework; path = System/Library/Frameworks/GameplayKit.framework; sourceTree = SDKROOT; };
		0E42C2201E4F35C30069B1D4 /* Bullet.swift */ = {isa = PBXFileReference; fileEncoding = 4; lastKnownFileType = sourcecode.swift; path = Bullet.swift; sourceTree = "<group>"; };
		0E42C2221E4F35D30069B1D4 /* Hittable.swift */ = {isa = PBXFileReference; fileEncoding = 4; lastKnownFileType = sourcecode.swift; path = Hittable.swift; sourceTree = "<group>"; };
		0E42C2241E4F35E60069B1D4 /* Enemy.swift */ = {isa = PBXFileReference; fileEncoding = 4; lastKnownFileType = sourcecode.swift; path = Enemy.swift; sourceTree = "<group>"; };
		0E42C2261E4F35EF0069B1D4 /* Civilian.swift */ = {isa = PBXFileReference; fileEncoding = 4; lastKnownFileType = sourcecode.swift; path = Civilian.swift; sourceTree = "<group>"; };
		0E42C2281E4F35FE0069B1D4 /* Barrier.swift */ = {isa = PBXFileReference; fileEncoding = 4; lastKnownFileType = sourcecode.swift; path = Barrier.swift; sourceTree = "<group>"; };
		0E42C22A1E4F40CB0069B1D4 /* GameUniverse.swift */ = {isa = PBXFileReference; fileEncoding = 4; lastKnownFileType = sourcecode.swift; path = GameUniverse.swift; sourceTree = "<group>"; };
		0EC5FA731E4FAA1C006AC1A4 /* Control.swift */ = {isa = PBXFileReference; fileEncoding = 4; lastKnownFileType = sourcecode.swift; path = Control.swift; sourceTree = "<group>"; };
		0EC5FA761E4FAAEA006AC1A4 /* RemoteControl.swift */ = {isa = PBXFileReference; fileEncoding = 4; lastKnownFileType = sourcecode.swift; path = RemoteControl.swift; sourceTree = "<group>"; };
/* End PBXFileReference section */

/* Begin PBXFrameworksBuildPhase section */
		0E42C1FB1E4DFEA20069B1D4 /* Frameworks */ = {
			isa = PBXFrameworksBuildPhase;
			buildActionMask = 2147483647;
			files = (
				0E42C21E1E4E017C0069B1D4 /* GameController.framework in Frameworks */,
				0E42C21F1E4E017C0069B1D4 /* GameplayKit.framework in Frameworks */,
			);
			runOnlyForDeploymentPostprocessing = 0;
		};
/* End PBXFrameworksBuildPhase section */

/* Begin PBXGroup section */
		0E42C1F51E4DFEA20069B1D4 = {
			isa = PBXGroup;
			children = (
				0E42C2001E4DFEA20069B1D4 /* Robotron2117 */,
				0E42C1FF1E4DFEA20069B1D4 /* Products */,
				0E42C21B1E4E017C0069B1D4 /* Frameworks */,
			);
			sourceTree = "<group>";
		};
		0E42C1FF1E4DFEA20069B1D4 /* Products */ = {
			isa = PBXGroup;
			children = (
				0E42C1FE1E4DFEA20069B1D4 /* Robotron2117.app */,
			);
			name = Products;
			sourceTree = "<group>";
		};
		0E42C2001E4DFEA20069B1D4 /* Robotron2117 */ = {
			isa = PBXGroup;
			children = (
				0E42C2011E4DFEA20069B1D4 /* AppDelegate.swift */,
				0E42C2031E4DFEA20069B1D4 /* GameScene.sks */,
				0E42C2051E4DFEA20069B1D4 /* Actions.sks */,
				0E42C2071E4DFEA20069B1D4 /* Game.xcassets */,
				0E42C2091E4DFEA20069B1D4 /* GameScene.swift */,
				0E42C20B1E4DFEA20069B1D4 /* GameViewController.swift */,
				0E42C20D1E4DFEA20069B1D4 /* Main.storyboard */,
				0E42C2101E4DFEA20069B1D4 /* Assets.xcassets */,
				0E42C2121E4DFEA20069B1D4 /* Info.plist */,
				0E42C21A1E4E01670069B1D4 /* Models */,
				0EC5FA751E4FAAD7006AC1A4 /* Control Abstraction */,
			);
			path = Robotron2117;
			sourceTree = "<group>";
		};
		0E42C21A1E4E01670069B1D4 /* Models */ = {
			isa = PBXGroup;
			children = (
				0E42C2181E4E01620069B1D4 /* Player.swift */,
				0E42C2201E4F35C30069B1D4 /* Bullet.swift */,
				0E42C2221E4F35D30069B1D4 /* Hittable.swift */,
				0E42C2241E4F35E60069B1D4 /* Enemy.swift */,
				0E42C2261E4F35EF0069B1D4 /* Civilian.swift */,
				0E42C2281E4F35FE0069B1D4 /* Barrier.swift */,
				0E42C22A1E4F40CB0069B1D4 /* GameUniverse.swift */,
			);
			name = Models;
			sourceTree = "<group>";
		};
		0E42C21B1E4E017C0069B1D4 /* Frameworks */ = {
			isa = PBXGroup;
			children = (
				0E42C21C1E4E017C0069B1D4 /* GameController.framework */,
				0E42C21D1E4E017C0069B1D4 /* GameplayKit.framework */,
			);
			name = Frameworks;
			sourceTree = "<group>";
		};
		0EC5FA751E4FAAD7006AC1A4 /* Control Abstraction */ = {
			isa = PBXGroup;
			children = (
				0EC5FA731E4FAA1C006AC1A4 /* Control.swift */,
				0EC5FA761E4FAAEA006AC1A4 /* RemoteControl.swift */,
			);
			name = "Control Abstraction";
			sourceTree = "<group>";
		};
/* End PBXGroup section */

/* Begin PBXNativeTarget section */
		0E42C1FD1E4DFEA20069B1D4 /* Robotron2117 */ = {
			isa = PBXNativeTarget;
			buildConfigurationList = 0E42C2151E4DFEA20069B1D4 /* Build configuration list for PBXNativeTarget "Robotron2117" */;
			buildPhases = (
				0E42C1FA1E4DFEA20069B1D4 /* Sources */,
				0E42C1FB1E4DFEA20069B1D4 /* Frameworks */,
				0E42C1FC1E4DFEA20069B1D4 /* Resources */,
			);
			buildRules = (
			);
			dependencies = (
			);
			name = Robotron2117;
			productName = Robotron2117;
			productReference = 0E42C1FE1E4DFEA20069B1D4 /* Robotron2117.app */;
			productType = "com.apple.product-type.application";
		};
/* End PBXNativeTarget section */

/* Begin PBXProject section */
		0E42C1F61E4DFEA20069B1D4 /* Project object */ = {
			isa = PBXProject;
			attributes = {
				LastSwiftUpdateCheck = 0820;
				LastUpgradeCheck = 0820;
				ORGANIZATIONNAME = "Big Nerd Ranch";
				TargetAttributes = {
					0E42C1FD1E4DFEA20069B1D4 = {
						CreatedOnToolsVersion = 8.2.1;
						DevelopmentTeam = LPR82YBESG;
						ProvisioningStyle = Automatic;
					};
				};
			};
			buildConfigurationList = 0E42C1F91E4DFEA20069B1D4 /* Build configuration list for PBXProject "Robotron2117" */;
			compatibilityVersion = "Xcode 3.2";
			developmentRegion = English;
			hasScannedForEncodings = 0;
			knownRegions = (
				en,
				Base,
			);
			mainGroup = 0E42C1F51E4DFEA20069B1D4;
			productRefGroup = 0E42C1FF1E4DFEA20069B1D4 /* Products */;
			projectDirPath = "";
			projectRoot = "";
			targets = (
				0E42C1FD1E4DFEA20069B1D4 /* Robotron2117 */,
			);
		};
/* End PBXProject section */

/* Begin PBXResourcesBuildPhase section */
		0E42C1FC1E4DFEA20069B1D4 /* Resources */ = {
			isa = PBXResourcesBuildPhase;
			buildActionMask = 2147483647;
			files = (
				0E42C2041E4DFEA20069B1D4 /* GameScene.sks in Resources */,
				0E42C2061E4DFEA20069B1D4 /* Actions.sks in Resources */,
				0E42C2081E4DFEA20069B1D4 /* Game.xcassets in Resources */,
				0E42C20F1E4DFEA20069B1D4 /* Main.storyboard in Resources */,
				0E42C2111E4DFEA20069B1D4 /* Assets.xcassets in Resources */,
			);
			runOnlyForDeploymentPostprocessing = 0;
		};
/* End PBXResourcesBuildPhase section */

/* Begin PBXSourcesBuildPhase section */
		0E42C1FA1E4DFEA20069B1D4 /* Sources */ = {
			isa = PBXSourcesBuildPhase;
			buildActionMask = 2147483647;
			files = (
				0E42C2271E4F35EF0069B1D4 /* Civilian.swift in Sources */,
				0E42C2251E4F35E60069B1D4 /* Enemy.swift in Sources */,
				0E42C22B1E4F40CB0069B1D4 /* GameUniverse.swift in Sources */,
				0E42C2291E4F35FE0069B1D4 /* Barrier.swift in Sources */,
				0E42C2231E4F35D30069B1D4 /* Hittable.swift in Sources */,
				0E42C2191E4E01620069B1D4 /* Player.swift in Sources */,
				0EC5FA741E4FAA1C006AC1A4 /* Control.swift in Sources */,
				0E42C20A1E4DFEA20069B1D4 /* GameScene.swift in Sources */,
				0E42C2211E4F35C30069B1D4 /* Bullet.swift in Sources */,
				0E42C20C1E4DFEA20069B1D4 /* GameViewController.swift in Sources */,
				0E42C2021E4DFEA20069B1D4 /* AppDelegate.swift in Sources */,
				0EC5FA771E4FAAEA006AC1A4 /* RemoteControl.swift in Sources */,
			);
			runOnlyForDeploymentPostprocessing = 0;
		};
/* End PBXSourcesBuildPhase section */

/* Begin PBXVariantGroup section */
		0E42C20D1E4DFEA20069B1D4 /* Main.storyboard */ = {
			isa = PBXVariantGroup;
			children = (
				0E42C20E1E4DFEA20069B1D4 /* Base */,
			);
			name = Main.storyboard;
			sourceTree = "<group>";
		};
/* End PBXVariantGroup section */

/* Begin XCBuildConfiguration section */
		0E42C2131E4DFEA20069B1D4 /* Debug */ = {
			isa = XCBuildConfiguration;
			buildSettings = {
				ALWAYS_SEARCH_USER_PATHS = NO;
				CLANG_ANALYZER_NONNULL = YES;
				CLANG_CXX_LANGUAGE_STANDARD = "gnu++0x";
				CLANG_CXX_LIBRARY = "libc++";
				CLANG_ENABLE_MODULES = YES;
				CLANG_ENABLE_OBJC_ARC = YES;
				CLANG_WARN_BOOL_CONVERSION = YES;
				CLANG_WARN_CONSTANT_CONVERSION = YES;
				CLANG_WARN_DIRECT_OBJC_ISA_USAGE = YES_ERROR;
				CLANG_WARN_DOCUMENTATION_COMMENTS = YES;
				CLANG_WARN_EMPTY_BODY = YES;
				CLANG_WARN_ENUM_CONVERSION = YES;
				CLANG_WARN_INFINITE_RECURSION = YES;
				CLANG_WARN_INT_CONVERSION = YES;
				CLANG_WARN_OBJC_ROOT_CLASS = YES_ERROR;
				CLANG_WARN_SUSPICIOUS_MOVE = YES;
				CLANG_WARN_UNREACHABLE_CODE = YES;
				CLANG_WARN__DUPLICATE_METHOD_MATCH = YES;
				COPY_PHASE_STRIP = NO;
				DEBUG_INFORMATION_FORMAT = dwarf;
				ENABLE_STRICT_OBJC_MSGSEND = YES;
				ENABLE_TESTABILITY = YES;
				GCC_C_LANGUAGE_STANDARD = gnu99;
				GCC_DYNAMIC_NO_PIC = NO;
				GCC_NO_COMMON_BLOCKS = YES;
				GCC_OPTIMIZATION_LEVEL = 0;
				GCC_PREPROCESSOR_DEFINITIONS = (
					"DEBUG=1",
					"$(inherited)",
				);
				GCC_WARN_64_TO_32_BIT_CONVERSION = YES;
				GCC_WARN_ABOUT_RETURN_TYPE = YES_ERROR;
				GCC_WARN_UNDECLARED_SELECTOR = YES;
				GCC_WARN_UNINITIALIZED_AUTOS = YES_AGGRESSIVE;
				GCC_WARN_UNUSED_FUNCTION = YES;
				GCC_WARN_UNUSED_VARIABLE = YES;
				MTL_ENABLE_DEBUG_INFO = YES;
				ONLY_ACTIVE_ARCH = YES;
				SDKROOT = appletvos;
				SWIFT_ACTIVE_COMPILATION_CONDITIONS = DEBUG;
				SWIFT_OPTIMIZATION_LEVEL = "-Onone";
				TARGETED_DEVICE_FAMILY = 3;
				TVOS_DEPLOYMENT_TARGET = 10.1;
			};
			name = Debug;
		};
		0E42C2141E4DFEA20069B1D4 /* Release */ = {
			isa = XCBuildConfiguration;
			buildSettings = {
				ALWAYS_SEARCH_USER_PATHS = NO;
				CLANG_ANALYZER_NONNULL = YES;
				CLANG_CXX_LANGUAGE_STANDARD = "gnu++0x";
				CLANG_CXX_LIBRARY = "libc++";
				CLANG_ENABLE_MODULES = YES;
				CLANG_ENABLE_OBJC_ARC = YES;
				CLANG_WARN_BOOL_CONVERSION = YES;
				CLANG_WARN_CONSTANT_CONVERSION = YES;
				CLANG_WARN_DIRECT_OBJC_ISA_USAGE = YES_ERROR;
				CLANG_WARN_DOCUMENTATION_COMMENTS = YES;
				CLANG_WARN_EMPTY_BODY = YES;
				CLANG_WARN_ENUM_CONVERSION = YES;
				CLANG_WARN_INFINITE_RECURSION = YES;
				CLANG_WARN_INT_CONVERSION = YES;
				CLANG_WARN_OBJC_ROOT_CLASS = YES_ERROR;
				CLANG_WARN_SUSPICIOUS_MOVE = YES;
				CLANG_WARN_UNREACHABLE_CODE = YES;
				CLANG_WARN__DUPLICATE_METHOD_MATCH = YES;
				COPY_PHASE_STRIP = NO;
				DEBUG_INFORMATION_FORMAT = "dwarf-with-dsym";
				ENABLE_NS_ASSERTIONS = NO;
				ENABLE_STRICT_OBJC_MSGSEND = YES;
				GCC_C_LANGUAGE_STANDARD = gnu99;
				GCC_NO_COMMON_BLOCKS = YES;
				GCC_WARN_64_TO_32_BIT_CONVERSION = YES;
				GCC_WARN_ABOUT_RETURN_TYPE = YES_ERROR;
				GCC_WARN_UNDECLARED_SELECTOR = YES;
				GCC_WARN_UNINITIALIZED_AUTOS = YES_AGGRESSIVE;
				GCC_WARN_UNUSED_FUNCTION = YES;
				GCC_WARN_UNUSED_VARIABLE = YES;
				MTL_ENABLE_DEBUG_INFO = NO;
				SDKROOT = appletvos;
				SWIFT_OPTIMIZATION_LEVEL = "-Owholemodule";
				TARGETED_DEVICE_FAMILY = 3;
				TVOS_DEPLOYMENT_TARGET = 10.1;
				VALIDATE_PRODUCT = YES;
			};
			name = Release;
		};
		0E42C2161E4DFEA20069B1D4 /* Debug */ = {
			isa = XCBuildConfiguration;
			buildSettings = {
				ASSETCATALOG_COMPILER_APPICON_NAME = "App Icon & Top Shelf Image";
				ASSETCATALOG_COMPILER_LAUNCHIMAGE_NAME = LaunchImage;
				DEVELOPMENT_TEAM = LPR82YBESG;
				INFOPLIST_FILE = Robotron2117/Info.plist;
				LD_RUNPATH_SEARCH_PATHS = "$(inherited) @executable_path/Frameworks";
				PRODUCT_BUNDLE_IDENTIFIER = com.bignerdranch.game.Robotron2117;
				PRODUCT_NAME = "$(TARGET_NAME)";
				SWIFT_VERSION = 3.0;
				TVOS_DEPLOYMENT_TARGET = 10.1;
			};
			name = Debug;
		};
		0E42C2171E4DFEA20069B1D4 /* Release */ = {
			isa = XCBuildConfiguration;
			buildSettings = {
				ASSETCATALOG_COMPILER_APPICON_NAME = "App Icon & Top Shelf Image";
				ASSETCATALOG_COMPILER_LAUNCHIMAGE_NAME = LaunchImage;
				DEVELOPMENT_TEAM = LPR82YBESG;
				INFOPLIST_FILE = Robotron2117/Info.plist;
				LD_RUNPATH_SEARCH_PATHS = "$(inherited) @executable_path/Frameworks";
				PRODUCT_BUNDLE_IDENTIFIER = com.bignerdranch.game.Robotron2117;
				PRODUCT_NAME = "$(TARGET_NAME)";
				SWIFT_VERSION = 3.0;
				TVOS_DEPLOYMENT_TARGET = 10.1;
			};
			name = Release;
		};
/* End XCBuildConfiguration section */

/* Begin XCConfigurationList section */
		0E42C1F91E4DFEA20069B1D4 /* Build configuration list for PBXProject "Robotron2117" */ = {
			isa = XCConfigurationList;
			buildConfigurations = (
				0E42C2131E4DFEA20069B1D4 /* Debug */,
				0E42C2141E4DFEA20069B1D4 /* Release */,
			);
			defaultConfigurationIsVisible = 0;
			defaultConfigurationName = Release;
		};
		0E42C2151E4DFEA20069B1D4 /* Build configuration list for PBXNativeTarget "Robotron2117" */ = {
			isa = XCConfigurationList;
			buildConfigurations = (
				0E42C2161E4DFEA20069B1D4 /* Debug */,
				0E42C2171E4DFEA20069B1D4 /* Release */,
			);
			defaultConfigurationIsVisible = 0;
			defaultConfigurationName = Release;
		};
/* End XCConfigurationList section */
	};
	rootObject = 0E42C1F61E4DFEA20069B1D4 /* Project object */;
}
