// !$*UTF8*$!
{
	archiveVersion = 1;
	classes = {
	};
	objectVersion = 46;
	objects = {

/* Begin PBXBuildFile section */
		0E264AF31E55D87900013568 /* WalkContext.swift in Sources */ = {isa = PBXBuildFile; fileRef = 0E264AF21E55D87900013568 /* WalkContext.swift */; };
		0E264AFB1E56545E00013568 /* GameKit.framework in Frameworks */ = {isa = PBXBuildFile; fileRef = 0E264AFA1E56545E00013568 /* GameKit.framework */; };
		0E42C2021E4DFEA20069B1D4 /* AppDelegate.swift in Sources */ = {isa = PBXBuildFile; fileRef = 0E42C2011E4DFEA20069B1D4 /* AppDelegate.swift */; };
		0E42C2041E4DFEA20069B1D4 /* GameScene.sks in Resources */ = {isa = PBXBuildFile; fileRef = 0E42C2031E4DFEA20069B1D4 /* GameScene.sks */; };
		0E42C2081E4DFEA20069B1D4 /* Game.xcassets in Resources */ = {isa = PBXBuildFile; fileRef = 0E42C2071E4DFEA20069B1D4 /* Game.xcassets */; };
		0E42C20C1E4DFEA20069B1D4 /* GameViewController.swift in Sources */ = {isa = PBXBuildFile; fileRef = 0E42C20B1E4DFEA20069B1D4 /* GameViewController.swift */; };
		0E42C20F1E4DFEA20069B1D4 /* Main.storyboard in Resources */ = {isa = PBXBuildFile; fileRef = 0E42C20D1E4DFEA20069B1D4 /* Main.storyboard */; };
		0E42C2111E4DFEA20069B1D4 /* Assets.xcassets in Resources */ = {isa = PBXBuildFile; fileRef = 0E42C2101E4DFEA20069B1D4 /* Assets.xcassets */; };
		0E42C2191E4E01620069B1D4 /* Player.swift in Sources */ = {isa = PBXBuildFile; fileRef = 0E42C2181E4E01620069B1D4 /* Player.swift */; };
		0E42C21E1E4E017C0069B1D4 /* GameController.framework in Frameworks */ = {isa = PBXBuildFile; fileRef = 0E42C21C1E4E017C0069B1D4 /* GameController.framework */; };
		0E42C21F1E4E017C0069B1D4 /* GameplayKit.framework in Frameworks */ = {isa = PBXBuildFile; fileRef = 0E42C21D1E4E017C0069B1D4 /* GameplayKit.framework */; };
		0E42C2211E4F35C30069B1D4 /* Bullet.swift in Sources */ = {isa = PBXBuildFile; fileRef = 0E42C2201E4F35C30069B1D4 /* Bullet.swift */; };
		0E42C2231E4F35D30069B1D4 /* Hittable.swift in Sources */ = {isa = PBXBuildFile; fileRef = 0E42C2221E4F35D30069B1D4 /* Hittable.swift */; };
		0E42C2251E4F35E60069B1D4 /* Enemy.swift in Sources */ = {isa = PBXBuildFile; fileRef = 0E42C2241E4F35E60069B1D4 /* Enemy.swift */; };
		0E42C2271E4F35EF0069B1D4 /* Civilian.swift in Sources */ = {isa = PBXBuildFile; fileRef = 0E42C2261E4F35EF0069B1D4 /* Civilian.swift */; };
		0E42C2291E4F35FE0069B1D4 /* Barrier.swift in Sources */ = {isa = PBXBuildFile; fileRef = 0E42C2281E4F35FE0069B1D4 /* Barrier.swift */; };
		0E42C22B1E4F40CB0069B1D4 /* GameUniverse.swift in Sources */ = {isa = PBXBuildFile; fileRef = 0E42C22A1E4F40CB0069B1D4 /* GameUniverse.swift */; };
		0E47C2D81E50AEE300AD999E /* Movable.swift in Sources */ = {isa = PBXBuildFile; fileRef = 0E47C2D71E50AEE300AD999E /* Movable.swift */; };
		0E47C2DA1E50AF7F00AD999E /* Shooter.swift in Sources */ = {isa = PBXBuildFile; fileRef = 0E47C2D91E50AF7F00AD999E /* Shooter.swift */; };
		0E47C2DC1E50B20200AD999E /* FootSoldier.swift in Sources */ = {isa = PBXBuildFile; fileRef = 0E47C2DB1E50B20200AD999E /* FootSoldier.swift */; };
		0E5222A31E50D62500B246EA /* ExtendedGamepadControl.swift in Sources */ = {isa = PBXBuildFile; fileRef = 0E5222A21E50D62500B246EA /* ExtendedGamepadControl.swift */; };
		0E65454E1E520A0F000CC5F0 /* GameUniverse+Targeting.swift in Sources */ = {isa = PBXBuildFile; fileRef = 0E65454D1E520A0F000CC5F0 /* GameUniverse+Targeting.swift */; };
		0E6545501E520A4C000CC5F0 /* GameUniverse+Generation.swift in Sources */ = {isa = PBXBuildFile; fileRef = 0E65454F1E520A4C000CC5F0 /* GameUniverse+Generation.swift */; };
		0E6545521E520AD6000CC5F0 /* GameUniverse+GameLogic.swift in Sources */ = {isa = PBXBuildFile; fileRef = 0E6545511E520AD6000CC5F0 /* GameUniverse+GameLogic.swift */; };
		0E6545541E52292E000CC5F0 /* GameUniverse+Controllers.swift in Sources */ = {isa = PBXBuildFile; fileRef = 0E6545531E52292E000CC5F0 /* GameUniverse+Controllers.swift */; };
		0E985AC71E535ED300612EEA /* GameUniverse+StateMachines.swift in Sources */ = {isa = PBXBuildFile; fileRef = 0E985AC61E535ED300612EEA /* GameUniverse+StateMachines.swift */; };
		0E985ADC1E53B62400612EEA /* pic2.png in Resources */ = {isa = PBXBuildFile; fileRef = 0E985ADA1E53B62400612EEA /* pic2.png */; };
		0E985ADD1E53B62400612EEA /* pic1.png in Resources */ = {isa = PBXBuildFile; fileRef = 0E985ADB1E53B62400612EEA /* pic1.png */; };
		0E985AE41E53B63B00612EEA /* TVServices.framework in Frameworks */ = {isa = PBXBuildFile; fileRef = 0E985AE31E53B63B00612EEA /* TVServices.framework */; };
		0E985AE71E53B63B00612EEA /* ServiceProvider.swift in Sources */ = {isa = PBXBuildFile; fileRef = 0E985AE61E53B63B00612EEA /* ServiceProvider.swift */; };
		0E985AEB1E53B63B00612EEA /* TopShelfExtension.appex in Embed App Extensions */ = {isa = PBXBuildFile; fileRef = 0E985AE21E53B63B00612EEA /* TopShelfExtension.appex */; settings = {ATTRIBUTES = (RemoveHeadersOnCopy, ); }; };
		0E985AF01E53B64200612EEA /* pic2.png in Resources */ = {isa = PBXBuildFile; fileRef = 0E985ADA1E53B62400612EEA /* pic2.png */; };
		0E985AF11E53B64200612EEA /* pic1.png in Resources */ = {isa = PBXBuildFile; fileRef = 0E985ADB1E53B62400612EEA /* pic1.png */; };
		0E985AF31E548C5F00612EEA /* AttractScreen.swift in Sources */ = {isa = PBXBuildFile; fileRef = 0E985AF21E548C5F00612EEA /* AttractScreen.swift */; };
		0E985AF51E548EB000612EEA /* GameStateMachine.swift in Sources */ = {isa = PBXBuildFile; fileRef = 0E985AF41E548EB000612EEA /* GameStateMachine.swift */; };
		0E985AF81E5494F200612EEA /* robotaur.ttf in Resources */ = {isa = PBXBuildFile; fileRef = 0EC9F7411E51DE1500515A4B /* robotaur.ttf */; };
		0EC5FA741E4FAA1C006AC1A4 /* Control.swift in Sources */ = {isa = PBXBuildFile; fileRef = 0EC5FA731E4FAA1C006AC1A4 /* Control.swift */; };
		0EC5FA771E4FAAEA006AC1A4 /* RemoteControl.swift in Sources */ = {isa = PBXBuildFile; fileRef = 0EC5FA761E4FAAEA006AC1A4 /* RemoteControl.swift */; };
		0EC9F7401E51D63100515A4B /* Explosion.sks in Resources */ = {isa = PBXBuildFile; fileRef = 0EC9F73F1E51D63100515A4B /* Explosion.sks */; };
		0EC9F7421E51DE1500515A4B /* robotaur.ttf in Resources */ = {isa = PBXBuildFile; fileRef = 0EC9F7411E51DE1500515A4B /* robotaur.ttf */; };
		0EED1ADE1E5737CB0061B7D4 /* Options.swift in Sources */ = {isa = PBXBuildFile; fileRef = 0EED1ADD1E5737CB0061B7D4 /* Options.swift */; };
		0EED1AE01E57383C0061B7D4 /* GameLevel.swift in Sources */ = {isa = PBXBuildFile; fileRef = 0EED1ADF1E57383C0061B7D4 /* GameLevel.swift */; };
		0EED1AE31E5740F70061B7D4 /* Pixeled.ttf in Resources */ = {isa = PBXBuildFile; fileRef = 0EED1AE11E5740F70061B7D4 /* Pixeled.ttf */; };
		0EED1AE41E5740F70061B7D4 /* robotastic.ttf in Resources */ = {isa = PBXBuildFile; fileRef = 0EED1AE21E5740F70061B7D4 /* robotastic.ttf */; };
		0EED1AEA1E57474E0061B7D4 /* LeaderboardManager.swift in Sources */ = {isa = PBXBuildFile; fileRef = 0EED1AE91E57474E0061B7D4 /* LeaderboardManager.swift */; };
		0EED1AED1E577EA50061B7D4 /* ScoreNode.swift in Sources */ = {isa = PBXBuildFile; fileRef = 0EED1AEC1E577EA50061B7D4 /* ScoreNode.swift */; };
		0EED1AEF1E57A4CC0061B7D4 /* HighScoresNode.swift in Sources */ = {isa = PBXBuildFile; fileRef = 0EED1AEE1E57A4CC0061B7D4 /* HighScoresNode.swift */; };
		0EED1AF61E57E5330061B7D4 /* civ-boom.wav in Resources */ = {isa = PBXBuildFile; fileRef = 0EED1AF21E57E5330061B7D4 /* civ-boom.wav */; };
		0EED1AF71E57E5330061B7D4 /* player-boom.wav in Resources */ = {isa = PBXBuildFile; fileRef = 0EED1AF31E57E5330061B7D4 /* player-boom.wav */; };
		0EED1AF81E57E5330061B7D4 /* enemy-boom.wav in Resources */ = {isa = PBXBuildFile; fileRef = 0EED1AF41E57E5330061B7D4 /* enemy-boom.wav */; };
		0EED1AF91E57E5330061B7D4 /* laser.wav in Resources */ = {isa = PBXBuildFile; fileRef = 0EED1AF51E57E5330061B7D4 /* laser.wav */; };
		0EED1AFB1E57EB0B0061B7D4 /* robo-start.wav in Resources */ = {isa = PBXBuildFile; fileRef = 0EED1AFA1E57EB0B0061B7D4 /* robo-start.wav */; };
		0EED1AFE1E57ECF70061B7D4 /* points.wav in Resources */ = {isa = PBXBuildFile; fileRef = 0EED1AFD1E57ECF70061B7D4 /* points.wav */; };
/* End PBXBuildFile section */

/* Begin PBXContainerItemProxy section */
		0E985AE91E53B63B00612EEA /* PBXContainerItemProxy */ = {
			isa = PBXContainerItemProxy;
			containerPortal = 0E42C1F61E4DFEA20069B1D4 /* Project object */;
			proxyType = 1;
			remoteGlobalIDString = 0E985AE11E53B63B00612EEA;
			remoteInfo = TopShelfExtension;
		};
/* End PBXContainerItemProxy section */

/* Begin PBXCopyFilesBuildPhase section */
		0E985AEF1E53B63B00612EEA /* Embed App Extensions */ = {
			isa = PBXCopyFilesBuildPhase;
			buildActionMask = 2147483647;
			dstPath = "";
			dstSubfolderSpec = 13;
			files = (
				0E985AEB1E53B63B00612EEA /* TopShelfExtension.appex in Embed App Extensions */,
			);
			name = "Embed App Extensions";
			runOnlyForDeploymentPostprocessing = 0;
		};
/* End PBXCopyFilesBuildPhase section */

/* Begin PBXFileReference section */
		0E264AF21E55D87900013568 /* WalkContext.swift */ = {isa = PBXFileReference; fileEncoding = 4; lastKnownFileType = sourcecode.swift; path = WalkContext.swift; sourceTree = "<group>"; };
		0E264AFA1E56545E00013568 /* GameKit.framework */ = {isa = PBXFileReference; lastKnownFileType = wrapper.framework; name = GameKit.framework; path = System/Library/Frameworks/GameKit.framework; sourceTree = SDKROOT; };
		0E42C1FE1E4DFEA20069B1D4 /* Robotron2117.app */ = {isa = PBXFileReference; explicitFileType = wrapper.application; includeInIndex = 0; path = Robotron2117.app; sourceTree = BUILT_PRODUCTS_DIR; };
		0E42C2011E4DFEA20069B1D4 /* AppDelegate.swift */ = {isa = PBXFileReference; lastKnownFileType = sourcecode.swift; path = AppDelegate.swift; sourceTree = "<group>"; };
		0E42C2031E4DFEA20069B1D4 /* GameScene.sks */ = {isa = PBXFileReference; lastKnownFileType = file.sks; path = GameScene.sks; sourceTree = "<group>"; };
		0E42C2071E4DFEA20069B1D4 /* Game.xcassets */ = {isa = PBXFileReference; lastKnownFileType = folder.assetcatalog; path = Game.xcassets; sourceTree = "<group>"; };
		0E42C20B1E4DFEA20069B1D4 /* GameViewController.swift */ = {isa = PBXFileReference; lastKnownFileType = sourcecode.swift; path = GameViewController.swift; sourceTree = "<group>"; };
		0E42C20E1E4DFEA20069B1D4 /* Base */ = {isa = PBXFileReference; lastKnownFileType = file.storyboard; name = Base; path = Base.lproj/Main.storyboard; sourceTree = "<group>"; };
		0E42C2101E4DFEA20069B1D4 /* Assets.xcassets */ = {isa = PBXFileReference; lastKnownFileType = folder.assetcatalog; path = Assets.xcassets; sourceTree = "<group>"; };
		0E42C2121E4DFEA20069B1D4 /* Info.plist */ = {isa = PBXFileReference; lastKnownFileType = text.plist.xml; path = Info.plist; sourceTree = "<group>"; };
		0E42C2181E4E01620069B1D4 /* Player.swift */ = {isa = PBXFileReference; fileEncoding = 4; lastKnownFileType = sourcecode.swift; path = Player.swift; sourceTree = "<group>"; };
		0E42C21C1E4E017C0069B1D4 /* GameController.framework */ = {isa = PBXFileReference; lastKnownFileType = wrapper.framework; name = GameController.framework; path = System/Library/Frameworks/GameController.framework; sourceTree = SDKROOT; };
		0E42C21D1E4E017C0069B1D4 /* GameplayKit.framework */ = {isa = PBXFileReference; lastKnownFileType = wrapper.framework; name = GameplayKit.framework; path = System/Library/Frameworks/GameplayKit.framework; sourceTree = SDKROOT; };
		0E42C2201E4F35C30069B1D4 /* Bullet.swift */ = {isa = PBXFileReference; fileEncoding = 4; lastKnownFileType = sourcecode.swift; path = Bullet.swift; sourceTree = "<group>"; };
		0E42C2221E4F35D30069B1D4 /* Hittable.swift */ = {isa = PBXFileReference; fileEncoding = 4; lastKnownFileType = sourcecode.swift; path = Hittable.swift; sourceTree = "<group>"; };
		0E42C2241E4F35E60069B1D4 /* Enemy.swift */ = {isa = PBXFileReference; fileEncoding = 4; lastKnownFileType = sourcecode.swift; path = Enemy.swift; sourceTree = "<group>"; };
		0E42C2261E4F35EF0069B1D4 /* Civilian.swift */ = {isa = PBXFileReference; fileEncoding = 4; lastKnownFileType = sourcecode.swift; path = Civilian.swift; sourceTree = "<group>"; };
		0E42C2281E4F35FE0069B1D4 /* Barrier.swift */ = {isa = PBXFileReference; fileEncoding = 4; lastKnownFileType = sourcecode.swift; path = Barrier.swift; sourceTree = "<group>"; };
		0E42C22A1E4F40CB0069B1D4 /* GameUniverse.swift */ = {isa = PBXFileReference; fileEncoding = 4; lastKnownFileType = sourcecode.swift; path = GameUniverse.swift; sourceTree = "<group>"; };
		0E47C2D71E50AEE300AD999E /* Movable.swift */ = {isa = PBXFileReference; fileEncoding = 4; lastKnownFileType = sourcecode.swift; path = Movable.swift; sourceTree = "<group>"; };
		0E47C2D91E50AF7F00AD999E /* Shooter.swift */ = {isa = PBXFileReference; fileEncoding = 4; lastKnownFileType = sourcecode.swift; path = Shooter.swift; sourceTree = "<group>"; };
		0E47C2DB1E50B20200AD999E /* FootSoldier.swift */ = {isa = PBXFileReference; fileEncoding = 4; lastKnownFileType = sourcecode.swift; path = FootSoldier.swift; sourceTree = "<group>"; };
		0E5222A21E50D62500B246EA /* ExtendedGamepadControl.swift */ = {isa = PBXFileReference; fileEncoding = 4; lastKnownFileType = sourcecode.swift; path = ExtendedGamepadControl.swift; sourceTree = "<group>"; };
		0E65454D1E520A0F000CC5F0 /* GameUniverse+Targeting.swift */ = {isa = PBXFileReference; fileEncoding = 4; lastKnownFileType = sourcecode.swift; path = "GameUniverse+Targeting.swift"; sourceTree = "<group>"; };
		0E65454F1E520A4C000CC5F0 /* GameUniverse+Generation.swift */ = {isa = PBXFileReference; fileEncoding = 4; lastKnownFileType = sourcecode.swift; path = "GameUniverse+Generation.swift"; sourceTree = "<group>"; };
		0E6545511E520AD6000CC5F0 /* GameUniverse+GameLogic.swift */ = {isa = PBXFileReference; fileEncoding = 4; lastKnownFileType = sourcecode.swift; path = "GameUniverse+GameLogic.swift"; sourceTree = "<group>"; };
		0E6545531E52292E000CC5F0 /* GameUniverse+Controllers.swift */ = {isa = PBXFileReference; fileEncoding = 4; lastKnownFileType = sourcecode.swift; path = "GameUniverse+Controllers.swift"; sourceTree = "<group>"; };
		0E985AC61E535ED300612EEA /* GameUniverse+StateMachines.swift */ = {isa = PBXFileReference; fileEncoding = 4; lastKnownFileType = sourcecode.swift; path = "GameUniverse+StateMachines.swift"; sourceTree = "<group>"; };
		0E985ADA1E53B62400612EEA /* pic2.png */ = {isa = PBXFileReference; lastKnownFileType = image.png; path = pic2.png; sourceTree = "<group>"; };
		0E985ADB1E53B62400612EEA /* pic1.png */ = {isa = PBXFileReference; lastKnownFileType = image.png; path = pic1.png; sourceTree = "<group>"; };
		0E985AE21E53B63B00612EEA /* TopShelfExtension.appex */ = {isa = PBXFileReference; explicitFileType = "wrapper.app-extension"; includeInIndex = 0; path = TopShelfExtension.appex; sourceTree = BUILT_PRODUCTS_DIR; };
		0E985AE31E53B63B00612EEA /* TVServices.framework */ = {isa = PBXFileReference; lastKnownFileType = wrapper.framework; name = TVServices.framework; path = System/Library/Frameworks/TVServices.framework; sourceTree = SDKROOT; };
		0E985AE61E53B63B00612EEA /* ServiceProvider.swift */ = {isa = PBXFileReference; lastKnownFileType = sourcecode.swift; path = ServiceProvider.swift; sourceTree = "<group>"; };
		0E985AE81E53B63B00612EEA /* Info.plist */ = {isa = PBXFileReference; lastKnownFileType = text.plist.xml; path = Info.plist; sourceTree = "<group>"; };
		0E985AF21E548C5F00612EEA /* AttractScreen.swift */ = {isa = PBXFileReference; fileEncoding = 4; lastKnownFileType = sourcecode.swift; name = AttractScreen.swift; path = Robotron2117/AttractScreen.swift; sourceTree = "<group>"; };
		0E985AF41E548EB000612EEA /* GameStateMachine.swift */ = {isa = PBXFileReference; fileEncoding = 4; lastKnownFileType = sourcecode.swift; path = GameStateMachine.swift; sourceTree = "<group>"; };
		0EC5FA731E4FAA1C006AC1A4 /* Control.swift */ = {isa = PBXFileReference; fileEncoding = 4; lastKnownFileType = sourcecode.swift; path = Control.swift; sourceTree = "<group>"; };
		0EC5FA761E4FAAEA006AC1A4 /* RemoteControl.swift */ = {isa = PBXFileReference; fileEncoding = 4; lastKnownFileType = sourcecode.swift; path = RemoteControl.swift; sourceTree = "<group>"; };
		0EC9F73F1E51D63100515A4B /* Explosion.sks */ = {isa = PBXFileReference; lastKnownFileType = file.sks; path = Explosion.sks; sourceTree = "<group>"; };
		0EC9F7411E51DE1500515A4B /* robotaur.ttf */ = {isa = PBXFileReference; lastKnownFileType = file; path = robotaur.ttf; sourceTree = "<group>"; };
		0EED1ADD1E5737CB0061B7D4 /* Options.swift */ = {isa = PBXFileReference; fileEncoding = 4; lastKnownFileType = sourcecode.swift; path = Options.swift; sourceTree = "<group>"; };
		0EED1ADF1E57383C0061B7D4 /* GameLevel.swift */ = {isa = PBXFileReference; fileEncoding = 4; lastKnownFileType = sourcecode.swift; path = GameLevel.swift; sourceTree = "<group>"; };
		0EED1AE11E5740F70061B7D4 /* Pixeled.ttf */ = {isa = PBXFileReference; lastKnownFileType = file; path = Pixeled.ttf; sourceTree = "<group>"; };
		0EED1AE21E5740F70061B7D4 /* robotastic.ttf */ = {isa = PBXFileReference; lastKnownFileType = file; path = robotastic.ttf; sourceTree = "<group>"; };
		0EED1AE91E57474E0061B7D4 /* LeaderboardManager.swift */ = {isa = PBXFileReference; fileEncoding = 4; lastKnownFileType = sourcecode.swift; name = LeaderboardManager.swift; path = Robotron2117/LeaderboardManager.swift; sourceTree = "<group>"; };
		0EED1AEC1E577EA50061B7D4 /* ScoreNode.swift */ = {isa = PBXFileReference; fileEncoding = 4; lastKnownFileType = sourcecode.swift; path = ScoreNode.swift; sourceTree = "<group>"; };
		0EED1AEE1E57A4CC0061B7D4 /* HighScoresNode.swift */ = {isa = PBXFileReference; fileEncoding = 4; lastKnownFileType = sourcecode.swift; path = HighScoresNode.swift; sourceTree = "<group>"; };
		0EED1AF21E57E5330061B7D4 /* civ-boom.wav */ = {isa = PBXFileReference; lastKnownFileType = audio.wav; path = "civ-boom.wav"; sourceTree = "<group>"; };
		0EED1AF31E57E5330061B7D4 /* player-boom.wav */ = {isa = PBXFileReference; lastKnownFileType = audio.wav; path = "player-boom.wav"; sourceTree = "<group>"; };
		0EED1AF41E57E5330061B7D4 /* enemy-boom.wav */ = {isa = PBXFileReference; lastKnownFileType = audio.wav; path = "enemy-boom.wav"; sourceTree = "<group>"; };
		0EED1AF51E57E5330061B7D4 /* laser.wav */ = {isa = PBXFileReference; lastKnownFileType = audio.wav; path = laser.wav; sourceTree = "<group>"; };
		0EED1AFA1E57EB0B0061B7D4 /* robo-start.wav */ = {isa = PBXFileReference; lastKnownFileType = audio.wav; path = "robo-start.wav"; sourceTree = "<group>"; };
		0EED1AFD1E57ECF70061B7D4 /* points.wav */ = {isa = PBXFileReference; lastKnownFileType = audio.wav; path = points.wav; sourceTree = "<group>"; };
/* End PBXFileReference section */

/* Begin PBXFrameworksBuildPhase section */
		0E42C1FB1E4DFEA20069B1D4 /* Frameworks */ = {
			isa = PBXFrameworksBuildPhase;
			buildActionMask = 2147483647;
			files = (
				0E264AFB1E56545E00013568 /* GameKit.framework in Frameworks */,
				0E42C21E1E4E017C0069B1D4 /* GameController.framework in Frameworks */,
				0E42C21F1E4E017C0069B1D4 /* GameplayKit.framework in Frameworks */,
			);
			runOnlyForDeploymentPostprocessing = 0;
		};
		0E985ADF1E53B63B00612EEA /* Frameworks */ = {
			isa = PBXFrameworksBuildPhase;
			buildActionMask = 2147483647;
			files = (
				0E985AE41E53B63B00612EEA /* TVServices.framework in Frameworks */,
			);
			runOnlyForDeploymentPostprocessing = 0;
		};
/* End PBXFrameworksBuildPhase section */

/* Begin PBXGroup section */
		0E42C1F51E4DFEA20069B1D4 = {
			isa = PBXGroup;
			children = (
				0E42C2001E4DFEA20069B1D4 /* Robotron2117 */,
				0E985AE51E53B63B00612EEA /* TopShelfExtension */,
				0E42C1FF1E4DFEA20069B1D4 /* Products */,
				0E42C21B1E4E017C0069B1D4 /* Frameworks */,
			);
			sourceTree = "<group>";
		};
		0E42C1FF1E4DFEA20069B1D4 /* Products */ = {
			isa = PBXGroup;
			children = (
				0E42C1FE1E4DFEA20069B1D4 /* Robotron2117.app */,
				0E985AE21E53B63B00612EEA /* TopShelfExtension.appex */,
			);
			name = Products;
			sourceTree = "<group>";
		};
		0E42C2001E4DFEA20069B1D4 /* Robotron2117 */ = {
			isa = PBXGroup;
			children = (
				0EED1AFC1E57ECEA0061B7D4 /* Sounds */,
				0EED1AF01E57D3300061B7D4 /* Attract Screen */,
				0EED1AF11E57D34F0061B7D4 /* Fonts */,
				0E985ADA1E53B62400612EEA /* pic2.png */,
				0E985ADB1E53B62400612EEA /* pic1.png */,
				0E42C2011E4DFEA20069B1D4 /* AppDelegate.swift */,
				0E42C2031E4DFEA20069B1D4 /* GameScene.sks */,
				0E42C2071E4DFEA20069B1D4 /* Game.xcassets */,
				0E42C20B1E4DFEA20069B1D4 /* GameViewController.swift */,
				0E42C20D1E4DFEA20069B1D4 /* Main.storyboard */,
				0E42C2101E4DFEA20069B1D4 /* Assets.xcassets */,
				0EC9F73F1E51D63100515A4B /* Explosion.sks */,
				0E42C2121E4DFEA20069B1D4 /* Info.plist */,
				0E985AF71E548EE600612EEA /* Sprites */,
				0E42C21A1E4E01670069B1D4 /* Models */,
				0EC5FA751E4FAAD7006AC1A4 /* Control Abstraction */,
				0EED1ADD1E5737CB0061B7D4 /* Options.swift */,
			);
			path = Robotron2117;
			sourceTree = "<group>";
		};
		0E42C21A1E4E01670069B1D4 /* Models */ = {
			isa = PBXGroup;
			children = (
				0E65454C1E5209F8000CC5F0 /* Universe */,
				0E42C2201E4F35C30069B1D4 /* Bullet.swift */,
			);
			name = Models;
			sourceTree = "<group>";
		};
		0E42C21B1E4E017C0069B1D4 /* Frameworks */ = {
			isa = PBXGroup;
			children = (
				0E264AFA1E56545E00013568 /* GameKit.framework */,
				0E42C21C1E4E017C0069B1D4 /* GameController.framework */,
				0E42C21D1E4E017C0069B1D4 /* GameplayKit.framework */,
				0E985AE31E53B63B00612EEA /* TVServices.framework */,
			);
			name = Frameworks;
			sourceTree = "<group>";
		};
		0E47C2DD1E50B35D00AD999E /* Base Classes */ = {
			isa = PBXGroup;
			children = (
				0E47C2D71E50AEE300AD999E /* Movable.swift */,
				0E47C2D91E50AF7F00AD999E /* Shooter.swift */,
				0E42C2221E4F35D30069B1D4 /* Hittable.swift */,
			);
			name = "Base Classes";
			sourceTree = "<group>";
		};
		0E65454C1E5209F8000CC5F0 /* Universe */ = {
			isa = PBXGroup;
			children = (
				0E985AF41E548EB000612EEA /* GameStateMachine.swift */,
				0E985AF61E548ECE00612EEA /* Level */,
				0EED1ADF1E57383C0061B7D4 /* GameLevel.swift */,
			);
			name = Universe;
			sourceTree = "<group>";
		};
		0E985AE51E53B63B00612EEA /* TopShelfExtension */ = {
			isa = PBXGroup;
			children = (
				0E985AE61E53B63B00612EEA /* ServiceProvider.swift */,
				0E985AE81E53B63B00612EEA /* Info.plist */,
			);
			path = TopShelfExtension;
			sourceTree = "<group>";
		};
		0E985AF61E548ECE00612EEA /* Level */ = {
			isa = PBXGroup;
			children = (
				0E42C22A1E4F40CB0069B1D4 /* GameUniverse.swift */,
				0E65454D1E520A0F000CC5F0 /* GameUniverse+Targeting.swift */,
				0E65454F1E520A4C000CC5F0 /* GameUniverse+Generation.swift */,
				0E6545511E520AD6000CC5F0 /* GameUniverse+GameLogic.swift */,
				0E6545531E52292E000CC5F0 /* GameUniverse+Controllers.swift */,
				0E985AC61E535ED300612EEA /* GameUniverse+StateMachines.swift */,
			);
			name = Level;
			sourceTree = "<group>";
		};
		0E985AF71E548EE600612EEA /* Sprites */ = {
			isa = PBXGroup;
			children = (
				0E47C2DD1E50B35D00AD999E /* Base Classes */,
				0EC9F7441E51EC1C00515A4B /* Friendlies */,
				0EC9F7431E51EC1100515A4B /* Enemies */,
				0E42C2281E4F35FE0069B1D4 /* Barrier.swift */,
				0E264AF21E55D87900013568 /* WalkContext.swift */,
			);
			name = Sprites;
			sourceTree = "<group>";
		};
		0EC5FA751E4FAAD7006AC1A4 /* Control Abstraction */ = {
			isa = PBXGroup;
			children = (
				0EC5FA731E4FAA1C006AC1A4 /* Control.swift */,
				0EC5FA761E4FAAEA006AC1A4 /* RemoteControl.swift */,
				0E5222A21E50D62500B246EA /* ExtendedGamepadControl.swift */,
			);
			name = "Control Abstraction";
			sourceTree = "<group>";
		};
		0EC9F7431E51EC1100515A4B /* Enemies */ = {
			isa = PBXGroup;
			children = (
				0E42C2241E4F35E60069B1D4 /* Enemy.swift */,
				0E47C2DB1E50B20200AD999E /* FootSoldier.swift */,
			);
			name = Enemies;
			sourceTree = "<group>";
		};
		0EC9F7441E51EC1C00515A4B /* Friendlies */ = {
			isa = PBXGroup;
			children = (
				0E42C2181E4E01620069B1D4 /* Player.swift */,
				0E42C2261E4F35EF0069B1D4 /* Civilian.swift */,
			);
			name = Friendlies;
			sourceTree = "<group>";
		};
		0EED1AEB1E577E850061B7D4 /* High Scores Panel */ = {
			isa = PBXGroup;
			children = (
				0EED1AE91E57474E0061B7D4 /* LeaderboardManager.swift */,
				0EED1AEC1E577EA50061B7D4 /* ScoreNode.swift */,
				0EED1AEE1E57A4CC0061B7D4 /* HighScoresNode.swift */,
			);
			name = "High Scores Panel";
			sourceTree = "<group>";
		};
		0EED1AF01E57D3300061B7D4 /* Attract Screen */ = {
			isa = PBXGroup;
			children = (
				0EED1AEB1E577E850061B7D4 /* High Scores Panel */,
				0E985AF21E548C5F00612EEA /* AttractScreen.swift */,
			);
			name = "Attract Screen";
			path = ..;
			sourceTree = "<group>";
		};
		0EED1AF11E57D34F0061B7D4 /* Fonts */ = {
			isa = PBXGroup;
			children = (
				0EED1AE11E5740F70061B7D4 /* Pixeled.ttf */,
				0EED1AE21E5740F70061B7D4 /* robotastic.ttf */,
				0EC9F7411E51DE1500515A4B /* robotaur.ttf */,
			);
			name = Fonts;
			sourceTree = "<group>";
		};
		0EED1AFC1E57ECEA0061B7D4 /* Sounds */ = {
			isa = PBXGroup;
			children = (
				0EED1AFD1E57ECF70061B7D4 /* points.wav */,
				0EED1AF21E57E5330061B7D4 /* civ-boom.wav */,
				0EED1AF31E57E5330061B7D4 /* player-boom.wav */,
				0EED1AFA1E57EB0B0061B7D4 /* robo-start.wav */,
				0EED1AF41E57E5330061B7D4 /* enemy-boom.wav */,
				0EED1AF51E57E5330061B7D4 /* laser.wav */,
			);
			name = Sounds;
			sourceTree = "<group>";
		};
/* End PBXGroup section */

/* Begin PBXNativeTarget section */
		0E42C1FD1E4DFEA20069B1D4 /* Robotron2117 */ = {
			isa = PBXNativeTarget;
			buildConfigurationList = 0E42C2151E4DFEA20069B1D4 /* Build configuration list for PBXNativeTarget "Robotron2117" */;
			buildPhases = (
				0E42C1FA1E4DFEA20069B1D4 /* Sources */,
				0E42C1FB1E4DFEA20069B1D4 /* Frameworks */,
				0E42C1FC1E4DFEA20069B1D4 /* Resources */,
				0E985AEF1E53B63B00612EEA /* Embed App Extensions */,
			);
			buildRules = (
			);
			dependencies = (
				0E985AEA1E53B63B00612EEA /* PBXTargetDependency */,
			);
			name = Robotron2117;
			productName = Robotron2117;
			productReference = 0E42C1FE1E4DFEA20069B1D4 /* Robotron2117.app */;
			productType = "com.apple.product-type.application";
		};
		0E985AE11E53B63B00612EEA /* TopShelfExtension */ = {
			isa = PBXNativeTarget;
			buildConfigurationList = 0E985AEC1E53B63B00612EEA /* Build configuration list for PBXNativeTarget "TopShelfExtension" */;
			buildPhases = (
				0E985ADE1E53B63B00612EEA /* Sources */,
				0E985ADF1E53B63B00612EEA /* Frameworks */,
				0E985AE01E53B63B00612EEA /* Resources */,
			);
			buildRules = (
			);
			dependencies = (
			);
			name = TopShelfExtension;
			productName = TopShelfExtension;
			productReference = 0E985AE21E53B63B00612EEA /* TopShelfExtension.appex */;
			productType = "com.apple.product-type.tv-app-extension";
		};
/* End PBXNativeTarget section */

/* Begin PBXProject section */
		0E42C1F61E4DFEA20069B1D4 /* Project object */ = {
			isa = PBXProject;
			attributes = {
				LastSwiftUpdateCheck = 0820;
				LastUpgradeCheck = 0820;
				ORGANIZATIONNAME = "Big Nerd Ranch";
				TargetAttributes = {
					0E42C1FD1E4DFEA20069B1D4 = {
						CreatedOnToolsVersion = 8.2.1;
						DevelopmentTeam = LPR82YBESG;
						ProvisioningStyle = Manual;
						SystemCapabilities = {
							com.apple.GameControllers.appletvos = {
								enabled = 1;
							};
						};
					};
					0E985AE11E53B63B00612EEA = {
						CreatedOnToolsVersion = 8.2.1;
						DevelopmentTeam = LPR82YBESG;
						ProvisioningStyle = Automatic;
					};
				};
			};
			buildConfigurationList = 0E42C1F91E4DFEA20069B1D4 /* Build configuration list for PBXProject "Robotron2117" */;
			compatibilityVersion = "Xcode 3.2";
			developmentRegion = English;
			hasScannedForEncodings = 0;
			knownRegions = (
				en,
				Base,
			);
			mainGroup = 0E42C1F51E4DFEA20069B1D4;
			productRefGroup = 0E42C1FF1E4DFEA20069B1D4 /* Products */;
			projectDirPath = "";
			projectRoot = "";
			targets = (
				0E42C1FD1E4DFEA20069B1D4 /* Robotron2117 */,
				0E985AE11E53B63B00612EEA /* TopShelfExtension */,
			);
		};
/* End PBXProject section */

/* Begin PBXResourcesBuildPhase section */
		0E42C1FC1E4DFEA20069B1D4 /* Resources */ = {
			isa = PBXResourcesBuildPhase;
			buildActionMask = 2147483647;
			files = (
				0E985ADD1E53B62400612EEA /* pic1.png in Resources */,
				0EED1AF61E57E5330061B7D4 /* civ-boom.wav in Resources */,
				0EED1AF81E57E5330061B7D4 /* enemy-boom.wav in Resources */,
				0EED1AFE1E57ECF70061B7D4 /* points.wav in Resources */,
				0EED1AE31E5740F70061B7D4 /* Pixeled.ttf in Resources */,
				0EED1AE41E5740F70061B7D4 /* robotastic.ttf in Resources */,
				0E42C2041E4DFEA20069B1D4 /* GameScene.sks in Resources */,
				0EED1AFB1E57EB0B0061B7D4 /* robo-start.wav in Resources */,
				0EC9F7421E51DE1500515A4B /* robotaur.ttf in Resources */,
				0EED1AF71E57E5330061B7D4 /* player-boom.wav in Resources */,
				0EED1AF91E57E5330061B7D4 /* laser.wav in Resources */,
				0E985ADC1E53B62400612EEA /* pic2.png in Resources */,
				0E42C2081E4DFEA20069B1D4 /* Game.xcassets in Resources */,
				0E42C20F1E4DFEA20069B1D4 /* Main.storyboard in Resources */,
				0E42C2111E4DFEA20069B1D4 /* Assets.xcassets in Resources */,
				0EC9F7401E51D63100515A4B /* Explosion.sks in Resources */,
			);
			runOnlyForDeploymentPostprocessing = 0;
		};
		0E985AE01E53B63B00612EEA /* Resources */ = {
			isa = PBXResourcesBuildPhase;
			buildActionMask = 2147483647;
			files = (
				0E985AF11E53B64200612EEA /* pic1.png in Resources */,
				0E985AF01E53B64200612EEA /* pic2.png in Resources */,
				0E985AF81E5494F200612EEA /* robotaur.ttf in Resources */,
			);
			runOnlyForDeploymentPostprocessing = 0;
		};
/* End PBXResourcesBuildPhase section */

/* Begin PBXSourcesBuildPhase section */
		0E42C1FA1E4DFEA20069B1D4 /* Sources */ = {
			isa = PBXSourcesBuildPhase;
			buildActionMask = 2147483647;
			files = (
				0E6545521E520AD6000CC5F0 /* GameUniverse+GameLogic.swift in Sources */,
				0E42C2271E4F35EF0069B1D4 /* Civilian.swift in Sources */,
				0E42C2251E4F35E60069B1D4 /* Enemy.swift in Sources */,
				0E47C2D81E50AEE300AD999E /* Movable.swift in Sources */,
				0EED1AEF1E57A4CC0061B7D4 /* HighScoresNode.swift in Sources */,
				0EED1ADE1E5737CB0061B7D4 /* Options.swift in Sources */,
				0E42C22B1E4F40CB0069B1D4 /* GameUniverse.swift in Sources */,
				0E42C2291E4F35FE0069B1D4 /* Barrier.swift in Sources */,
				0EED1AE01E57383C0061B7D4 /* GameLevel.swift in Sources */,
				0EED1AEA1E57474E0061B7D4 /* LeaderboardManager.swift in Sources */,
				0E264AF31E55D87900013568 /* WalkContext.swift in Sources */,
				0E42C2231E4F35D30069B1D4 /* Hittable.swift in Sources */,
				0E47C2DA1E50AF7F00AD999E /* Shooter.swift in Sources */,
				0E42C2191E4E01620069B1D4 /* Player.swift in Sources */,
				0E985AF51E548EB000612EEA /* GameStateMachine.swift in Sources */,
				0E6545501E520A4C000CC5F0 /* GameUniverse+Generation.swift in Sources */,
				0E985AF31E548C5F00612EEA /* AttractScreen.swift in Sources */,
				0E5222A31E50D62500B246EA /* ExtendedGamepadControl.swift in Sources */,
				0EC5FA741E4FAA1C006AC1A4 /* Control.swift in Sources */,
				0E42C2211E4F35C30069B1D4 /* Bullet.swift in Sources */,
				0EED1AED1E577EA50061B7D4 /* ScoreNode.swift in Sources */,
				0E6545541E52292E000CC5F0 /* GameUniverse+Controllers.swift in Sources */,
				0E65454E1E520A0F000CC5F0 /* GameUniverse+Targeting.swift in Sources */,
				0E42C20C1E4DFEA20069B1D4 /* GameViewController.swift in Sources */,
				0E985AC71E535ED300612EEA /* GameUniverse+StateMachines.swift in Sources */,
				0E42C2021E4DFEA20069B1D4 /* AppDelegate.swift in Sources */,
				0E47C2DC1E50B20200AD999E /* FootSoldier.swift in Sources */,
				0EC5FA771E4FAAEA006AC1A4 /* RemoteControl.swift in Sources */,
			);
			runOnlyForDeploymentPostprocessing = 0;
		};
		0E985ADE1E53B63B00612EEA /* Sources */ = {
			isa = PBXSourcesBuildPhase;
			buildActionMask = 2147483647;
			files = (
				0E985AE71E53B63B00612EEA /* ServiceProvider.swift in Sources */,
			);
			runOnlyForDeploymentPostprocessing = 0;
		};
/* End PBXSourcesBuildPhase section */

/* Begin PBXTargetDependency section */
		0E985AEA1E53B63B00612EEA /* PBXTargetDependency */ = {
			isa = PBXTargetDependency;
			target = 0E985AE11E53B63B00612EEA /* TopShelfExtension */;
			targetProxy = 0E985AE91E53B63B00612EEA /* PBXContainerItemProxy */;
		};
/* End PBXTargetDependency section */

/* Begin PBXVariantGroup section */
		0E42C20D1E4DFEA20069B1D4 /* Main.storyboard */ = {
			isa = PBXVariantGroup;
			children = (
				0E42C20E1E4DFEA20069B1D4 /* Base */,
			);
			name = Main.storyboard;
			sourceTree = "<group>";
		};
/* End PBXVariantGroup section */

/* Begin XCBuildConfiguration section */
		0E42C2131E4DFEA20069B1D4 /* Debug */ = {
			isa = XCBuildConfiguration;
			buildSettings = {
				ALWAYS_SEARCH_USER_PATHS = NO;
				CLANG_ANALYZER_NONNULL = YES;
				CLANG_CXX_LANGUAGE_STANDARD = "gnu++0x";
				CLANG_CXX_LIBRARY = "libc++";
				CLANG_ENABLE_MODULES = YES;
				CLANG_ENABLE_OBJC_ARC = YES;
				CLANG_WARN_BOOL_CONVERSION = YES;
				CLANG_WARN_CONSTANT_CONVERSION = YES;
				CLANG_WARN_DIRECT_OBJC_ISA_USAGE = YES_ERROR;
				CLANG_WARN_DOCUMENTATION_COMMENTS = YES;
				CLANG_WARN_EMPTY_BODY = YES;
				CLANG_WARN_ENUM_CONVERSION = YES;
				CLANG_WARN_INFINITE_RECURSION = YES;
				CLANG_WARN_INT_CONVERSION = YES;
				CLANG_WARN_OBJC_ROOT_CLASS = YES_ERROR;
				CLANG_WARN_SUSPICIOUS_MOVE = YES;
				CLANG_WARN_UNREACHABLE_CODE = YES;
				CLANG_WARN__DUPLICATE_METHOD_MATCH = YES;
				COPY_PHASE_STRIP = NO;
				DEBUG_INFORMATION_FORMAT = dwarf;
				ENABLE_STRICT_OBJC_MSGSEND = YES;
				ENABLE_TESTABILITY = YES;
				GCC_C_LANGUAGE_STANDARD = gnu99;
				GCC_DYNAMIC_NO_PIC = NO;
				GCC_NO_COMMON_BLOCKS = YES;
				GCC_OPTIMIZATION_LEVEL = 0;
				GCC_PREPROCESSOR_DEFINITIONS = (
					"DEBUG=1",
					"$(inherited)",
				);
				GCC_WARN_64_TO_32_BIT_CONVERSION = YES;
				GCC_WARN_ABOUT_RETURN_TYPE = YES_ERROR;
				GCC_WARN_UNDECLARED_SELECTOR = YES;
				GCC_WARN_UNINITIALIZED_AUTOS = YES_AGGRESSIVE;
				GCC_WARN_UNUSED_FUNCTION = YES;
				GCC_WARN_UNUSED_VARIABLE = YES;
				MTL_ENABLE_DEBUG_INFO = YES;
				ONLY_ACTIVE_ARCH = YES;
				SDKROOT = appletvos;
				SWIFT_ACTIVE_COMPILATION_CONDITIONS = DEBUG;
				SWIFT_OPTIMIZATION_LEVEL = "-Onone";
				TARGETED_DEVICE_FAMILY = 3;
				TVOS_DEPLOYMENT_TARGET = 10.1;
			};
			name = Debug;
		};
		0E42C2141E4DFEA20069B1D4 /* Release */ = {
			isa = XCBuildConfiguration;
			buildSettings = {
				ALWAYS_SEARCH_USER_PATHS = NO;
				CLANG_ANALYZER_NONNULL = YES;
				CLANG_CXX_LANGUAGE_STANDARD = "gnu++0x";
				CLANG_CXX_LIBRARY = "libc++";
				CLANG_ENABLE_MODULES = YES;
				CLANG_ENABLE_OBJC_ARC = YES;
				CLANG_WARN_BOOL_CONVERSION = YES;
				CLANG_WARN_CONSTANT_CONVERSION = YES;
				CLANG_WARN_DIRECT_OBJC_ISA_USAGE = YES_ERROR;
				CLANG_WARN_DOCUMENTATION_COMMENTS = YES;
				CLANG_WARN_EMPTY_BODY = YES;
				CLANG_WARN_ENUM_CONVERSION = YES;
				CLANG_WARN_INFINITE_RECURSION = YES;
				CLANG_WARN_INT_CONVERSION = YES;
				CLANG_WARN_OBJC_ROOT_CLASS = YES_ERROR;
				CLANG_WARN_SUSPICIOUS_MOVE = YES;
				CLANG_WARN_UNREACHABLE_CODE = YES;
				CLANG_WARN__DUPLICATE_METHOD_MATCH = YES;
				COPY_PHASE_STRIP = NO;
				DEBUG_INFORMATION_FORMAT = "dwarf-with-dsym";
				ENABLE_NS_ASSERTIONS = NO;
				ENABLE_STRICT_OBJC_MSGSEND = YES;
				GCC_C_LANGUAGE_STANDARD = gnu99;
				GCC_NO_COMMON_BLOCKS = YES;
				GCC_WARN_64_TO_32_BIT_CONVERSION = YES;
				GCC_WARN_ABOUT_RETURN_TYPE = YES_ERROR;
				GCC_WARN_UNDECLARED_SELECTOR = YES;
				GCC_WARN_UNINITIALIZED_AUTOS = YES_AGGRESSIVE;
				GCC_WARN_UNUSED_FUNCTION = YES;
				GCC_WARN_UNUSED_VARIABLE = YES;
				MTL_ENABLE_DEBUG_INFO = NO;
				SDKROOT = appletvos;
				SWIFT_OPTIMIZATION_LEVEL = "-Owholemodule";
				TARGETED_DEVICE_FAMILY = 3;
				TVOS_DEPLOYMENT_TARGET = 10.1;
				VALIDATE_PRODUCT = YES;
			};
			name = Release;
		};
		0E42C2161E4DFEA20069B1D4 /* Debug */ = {
			isa = XCBuildConfiguration;
			buildSettings = {
				ALWAYS_EMBED_SWIFT_STANDARD_LIBRARIES = YES;
				ASSETCATALOG_COMPILER_APPICON_NAME = "App Icon & Top Shelf Image";
				ASSETCATALOG_COMPILER_LAUNCHIMAGE_NAME = LaunchImage;
				"CODE_SIGN_IDENTITY[sdk=appletvos*]" = "iPhone Developer";
				DEVELOPMENT_TEAM = LPR82YBESG;
				INFOPLIST_FILE = Robotron2117/Info.plist;
				LD_RUNPATH_SEARCH_PATHS = "$(inherited) @executable_path/Frameworks";
				PRODUCT_BUNDLE_IDENTIFIER = com.bignerdranch.game.Robotron2117;
				PRODUCT_NAME = "$(TARGET_NAME)";
				PROVISIONING_PROFILE = "562173ed-9964-4c65-bf53-a089b4e7f28b";
				PROVISIONING_PROFILE_SPECIFIER = "TVOS for Dumb Xcodes";
				SWIFT_VERSION = 3.0;
				TVOS_DEPLOYMENT_TARGET = 10.1;
			};
			name = Debug;
		};
		0E42C2171E4DFEA20069B1D4 /* Release */ = {
			isa = XCBuildConfiguration;
			buildSettings = {
				ALWAYS_EMBED_SWIFT_STANDARD_LIBRARIES = YES;
				ASSETCATALOG_COMPILER_APPICON_NAME = "App Icon & Top Shelf Image";
				ASSETCATALOG_COMPILER_LAUNCHIMAGE_NAME = LaunchImage;
				"CODE_SIGN_IDENTITY[sdk=appletvos*]" = "iPhone Developer";
				DEVELOPMENT_TEAM = LPR82YBESG;
				INFOPLIST_FILE = Robotron2117/Info.plist;
				LD_RUNPATH_SEARCH_PATHS = "$(inherited) @executable_path/Frameworks";
				PRODUCT_BUNDLE_IDENTIFIER = com.bignerdranch.game.Robotron2117;
				PRODUCT_NAME = "$(TARGET_NAME)";
				PROVISIONING_PROFILE = "562173ed-9964-4c65-bf53-a089b4e7f28b";
				PROVISIONING_PROFILE_SPECIFIER = "TVOS for Dumb Xcodes";
				SWIFT_VERSION = 3.0;
				TVOS_DEPLOYMENT_TARGET = 10.1;
			};
			name = Release;
		};
		0E985AED1E53B63B00612EEA /* Debug */ = {
			isa = XCBuildConfiguration;
			buildSettings = {
				"CODE_SIGN_IDENTITY[sdk=appletvos*]" = "iPhone Developer";
				DEVELOPMENT_TEAM = LPR82YBESG;
				INFOPLIST_FILE = TopShelfExtension/Info.plist;
				LD_RUNPATH_SEARCH_PATHS = "$(inherited) @executable_path/Frameworks @executable_path/../../Frameworks";
				PRODUCT_BUNDLE_IDENTIFIER = com.bignerdranch.game.Robotron2117.TopShelfExtension;
				PRODUCT_NAME = "$(TARGET_NAME)";
				PROVISIONING_PROFILE = "";
				PROVISIONING_PROFILE_SPECIFIER = "";
				SKIP_INSTALL = YES;
				SWIFT_VERSION = 3.0;
			};
			name = Debug;
		};
		0E985AEE1E53B63B00612EEA /* Release */ = {
			isa = XCBuildConfiguration;
			buildSettings = {
				"CODE_SIGN_IDENTITY[sdk=appletvos*]" = "iPhone Developer";
				DEVELOPMENT_TEAM = LPR82YBESG;
				INFOPLIST_FILE = TopShelfExtension/Info.plist;
				LD_RUNPATH_SEARCH_PATHS = "$(inherited) @executable_path/Frameworks @executable_path/../../Frameworks";
				PRODUCT_BUNDLE_IDENTIFIER = com.bignerdranch.game.Robotron2117.TopShelfExtension;
				PRODUCT_NAME = "$(TARGET_NAME)";
				PROVISIONING_PROFILE = "";
				PROVISIONING_PROFILE_SPECIFIER = "";
				SKIP_INSTALL = YES;
				SWIFT_VERSION = 3.0;
			};
			name = Release;
		};
/* End XCBuildConfiguration section */

/* Begin XCConfigurationList section */
		0E42C1F91E4DFEA20069B1D4 /* Build configuration list for PBXProject "Robotron2117" */ = {
			isa = XCConfigurationList;
			buildConfigurations = (
				0E42C2131E4DFEA20069B1D4 /* Debug */,
				0E42C2141E4DFEA20069B1D4 /* Release */,
			);
			defaultConfigurationIsVisible = 0;
			defaultConfigurationName = Release;
		};
		0E42C2151E4DFEA20069B1D4 /* Build configuration list for PBXNativeTarget "Robotron2117" */ = {
			isa = XCConfigurationList;
			buildConfigurations = (
				0E42C2161E4DFEA20069B1D4 /* Debug */,
				0E42C2171E4DFEA20069B1D4 /* Release */,
			);
			defaultConfigurationIsVisible = 0;
			defaultConfigurationName = Release;
		};
		0E985AEC1E53B63B00612EEA /* Build configuration list for PBXNativeTarget "TopShelfExtension" */ = {
			isa = XCConfigurationList;
			buildConfigurations = (
				0E985AED1E53B63B00612EEA /* Debug */,
				0E985AEE1E53B63B00612EEA /* Release */,
			);
			defaultConfigurationIsVisible = 0;
			defaultConfigurationName = Release;
		};
/* End XCConfigurationList section */
	};
	rootObject = 0E42C1F61E4DFEA20069B1D4 /* Project object */;
}
